// !$*UTF8*$!
{
	archiveVersion = 1;
	classes = {
	};
	objectVersion = 50;
	objects = {

/* Begin PBXBuildFile section */
		17EA3B3521B41C2B005C883C /* AppDelegate.swift in Sources */ = {isa = PBXBuildFile; fileRef = 17EA3B3421B41C2B005C883C /* AppDelegate.swift */; };
		17EA3B3721B41C2B005C883C /* MasterViewController.swift in Sources */ = {isa = PBXBuildFile; fileRef = 17EA3B3621B41C2B005C883C /* MasterViewController.swift */; };
		17EA3B3921B41C2B005C883C /* DetailViewController.swift in Sources */ = {isa = PBXBuildFile; fileRef = 17EA3B3821B41C2B005C883C /* DetailViewController.swift */; };
		17EA3B3C21B41C2B005C883C /* Main.storyboard in Resources */ = {isa = PBXBuildFile; fileRef = 17EA3B3A21B41C2B005C883C /* Main.storyboard */; };
		17EA3B3E21B41C2C005C883C /* Assets.xcassets in Resources */ = {isa = PBXBuildFile; fileRef = 17EA3B3D21B41C2C005C883C /* Assets.xcassets */; };
		17EA3B4121B41C2C005C883C /* LaunchScreen.storyboard in Resources */ = {isa = PBXBuildFile; fileRef = 17EA3B3F21B41C2C005C883C /* LaunchScreen.storyboard */; };
		17EA3B4C21B41C2C005C883C /* FruitMailTests.swift in Sources */ = {isa = PBXBuildFile; fileRef = 17EA3B4B21B41C2C005C883C /* FruitMailTests.swift */; };
		17EA3B5721B41C2C005C883C /* FruitMailUITests.swift in Sources */ = {isa = PBXBuildFile; fileRef = 17EA3B5621B41C2C005C883C /* FruitMailUITests.swift */; };
/* End PBXBuildFile section */

/* Begin PBXContainerItemProxy section */
		17EA3B4821B41C2C005C883C /* PBXContainerItemProxy */ = {
			isa = PBXContainerItemProxy;
			containerPortal = 17EA3B2921B41C2B005C883C /* Project object */;
			proxyType = 1;
			remoteGlobalIDString = 17EA3B3021B41C2B005C883C;
			remoteInfo = FruitMail;
		};
		17EA3B5321B41C2C005C883C /* PBXContainerItemProxy */ = {
			isa = PBXContainerItemProxy;
			containerPortal = 17EA3B2921B41C2B005C883C /* Project object */;
			proxyType = 1;
			remoteGlobalIDString = 17EA3B3021B41C2B005C883C;
			remoteInfo = FruitMail;
		};
/* End PBXContainerItemProxy section */

/* Begin PBXFileReference section */
		17EA3B3121B41C2B005C883C /* FruitMail.app */ = {isa = PBXFileReference; explicitFileType = wrapper.application; includeInIndex = 0; path = FruitMail.app; sourceTree = BUILT_PRODUCTS_DIR; };
		17EA3B3421B41C2B005C883C /* AppDelegate.swift */ = {isa = PBXFileReference; lastKnownFileType = sourcecode.swift; path = AppDelegate.swift; sourceTree = "<group>"; };
		17EA3B3621B41C2B005C883C /* MasterViewController.swift */ = {isa = PBXFileReference; lastKnownFileType = sourcecode.swift; path = MasterViewController.swift; sourceTree = "<group>"; };
		17EA3B3821B41C2B005C883C /* DetailViewController.swift */ = {isa = PBXFileReference; lastKnownFileType = sourcecode.swift; path = DetailViewController.swift; sourceTree = "<group>"; };
		17EA3B3B21B41C2B005C883C /* Base */ = {isa = PBXFileReference; lastKnownFileType = file.storyboard; name = Base; path = Base.lproj/Main.storyboard; sourceTree = "<group>"; };
		17EA3B3D21B41C2C005C883C /* Assets.xcassets */ = {isa = PBXFileReference; lastKnownFileType = folder.assetcatalog; path = Assets.xcassets; sourceTree = "<group>"; };
		17EA3B4021B41C2C005C883C /* Base */ = {isa = PBXFileReference; lastKnownFileType = file.storyboard; name = Base; path = Base.lproj/LaunchScreen.storyboard; sourceTree = "<group>"; };
		17EA3B4221B41C2C005C883C /* Info.plist */ = {isa = PBXFileReference; lastKnownFileType = text.plist.xml; path = Info.plist; sourceTree = "<group>"; };
		17EA3B4721B41C2C005C883C /* FruitMailTests.xctest */ = {isa = PBXFileReference; explicitFileType = wrapper.cfbundle; includeInIndex = 0; path = FruitMailTests.xctest; sourceTree = BUILT_PRODUCTS_DIR; };
		17EA3B4B21B41C2C005C883C /* FruitMailTests.swift */ = {isa = PBXFileReference; lastKnownFileType = sourcecode.swift; path = FruitMailTests.swift; sourceTree = "<group>"; };
		17EA3B4D21B41C2C005C883C /* Info.plist */ = {isa = PBXFileReference; lastKnownFileType = text.plist.xml; path = Info.plist; sourceTree = "<group>"; };
		17EA3B5221B41C2C005C883C /* FruitMailUITests.xctest */ = {isa = PBXFileReference; explicitFileType = wrapper.cfbundle; includeInIndex = 0; path = FruitMailUITests.xctest; sourceTree = BUILT_PRODUCTS_DIR; };
		17EA3B5621B41C2C005C883C /* FruitMailUITests.swift */ = {isa = PBXFileReference; lastKnownFileType = sourcecode.swift; path = FruitMailUITests.swift; sourceTree = "<group>"; };
		17EA3B5821B41C2C005C883C /* Info.plist */ = {isa = PBXFileReference; lastKnownFileType = text.plist.xml; path = Info.plist; sourceTree = "<group>"; };
/* End PBXFileReference section */

/* Begin PBXFrameworksBuildPhase section */
		17EA3B2E21B41C2B005C883C /* Frameworks */ = {
			isa = PBXFrameworksBuildPhase;
			buildActionMask = 2147483647;
			files = (
			);
			runOnlyForDeploymentPostprocessing = 0;
		};
		17EA3B4421B41C2C005C883C /* Frameworks */ = {
			isa = PBXFrameworksBuildPhase;
			buildActionMask = 2147483647;
			files = (
			);
			runOnlyForDeploymentPostprocessing = 0;
		};
		17EA3B4F21B41C2C005C883C /* Frameworks */ = {
			isa = PBXFrameworksBuildPhase;
			buildActionMask = 2147483647;
			files = (
			);
			runOnlyForDeploymentPostprocessing = 0;
		};
/* End PBXFrameworksBuildPhase section */

/* Begin PBXGroup section */
		17EA3B2821B41C2B005C883C = {
			isa = PBXGroup;
			children = (
				17EA3B3321B41C2B005C883C /* FruitMail */,
				17EA3B4A21B41C2C005C883C /* FruitMailTests */,
				17EA3B5521B41C2C005C883C /* FruitMailUITests */,
				17EA3B3221B41C2B005C883C /* Products */,
			);
			sourceTree = "<group>";
		};
		17EA3B3221B41C2B005C883C /* Products */ = {
			isa = PBXGroup;
			children = (
				17EA3B3121B41C2B005C883C /* FruitMail.app */,
				17EA3B4721B41C2C005C883C /* FruitMailTests.xctest */,
				17EA3B5221B41C2C005C883C /* FruitMailUITests.xctest */,
			);
			name = Products;
			sourceTree = "<group>";
		};
		17EA3B3321B41C2B005C883C /* FruitMail */ = {
			isa = PBXGroup;
			children = (
				17EA3B3421B41C2B005C883C /* AppDelegate.swift */,
				17EA3B3621B41C2B005C883C /* MasterViewController.swift */,
				17EA3B3821B41C2B005C883C /* DetailViewController.swift */,
				17EA3B3A21B41C2B005C883C /* Main.storyboard */,
				17EA3B3D21B41C2C005C883C /* Assets.xcassets */,
				17EA3B3F21B41C2C005C883C /* LaunchScreen.storyboard */,
				17EA3B4221B41C2C005C883C /* Info.plist */,
			);
			path = FruitMail;
			sourceTree = "<group>";
		};
		17EA3B4A21B41C2C005C883C /* FruitMailTests */ = {
			isa = PBXGroup;
			children = (
				17EA3B4B21B41C2C005C883C /* FruitMailTests.swift */,
				17EA3B4D21B41C2C005C883C /* Info.plist */,
			);
			path = FruitMailTests;
			sourceTree = "<group>";
		};
		17EA3B5521B41C2C005C883C /* FruitMailUITests */ = {
			isa = PBXGroup;
			children = (
				17EA3B5621B41C2C005C883C /* FruitMailUITests.swift */,
				17EA3B5821B41C2C005C883C /* Info.plist */,
			);
			path = FruitMailUITests;
			sourceTree = "<group>";
		};
/* End PBXGroup section */

/* Begin PBXNativeTarget section */
		17EA3B3021B41C2B005C883C /* FruitMail */ = {
			isa = PBXNativeTarget;
			buildConfigurationList = 17EA3B5B21B41C2C005C883C /* Build configuration list for PBXNativeTarget "FruitMail" */;
			buildPhases = (
				17EA3B2D21B41C2B005C883C /* Sources */,
				17EA3B2E21B41C2B005C883C /* Frameworks */,
				17EA3B2F21B41C2B005C883C /* Resources */,
			);
			buildRules = (
			);
			dependencies = (
			);
			name = FruitMail;
			productName = FruitMail;
			productReference = 17EA3B3121B41C2B005C883C /* FruitMail.app */;
			productType = "com.apple.product-type.application";
		};
		17EA3B4621B41C2C005C883C /* FruitMailTests */ = {
			isa = PBXNativeTarget;
			buildConfigurationList = 17EA3B5E21B41C2C005C883C /* Build configuration list for PBXNativeTarget "FruitMailTests" */;
			buildPhases = (
				17EA3B4321B41C2C005C883C /* Sources */,
				17EA3B4421B41C2C005C883C /* Frameworks */,
				17EA3B4521B41C2C005C883C /* Resources */,
			);
			buildRules = (
			);
			dependencies = (
				17EA3B4921B41C2C005C883C /* PBXTargetDependency */,
			);
			name = FruitMailTests;
			productName = FruitMailTests;
			productReference = 17EA3B4721B41C2C005C883C /* FruitMailTests.xctest */;
			productType = "com.apple.product-type.bundle.unit-test";
		};
		17EA3B5121B41C2C005C883C /* FruitMailUITests */ = {
			isa = PBXNativeTarget;
			buildConfigurationList = 17EA3B6121B41C2C005C883C /* Build configuration list for PBXNativeTarget "FruitMailUITests" */;
			buildPhases = (
				17EA3B4E21B41C2C005C883C /* Sources */,
				17EA3B4F21B41C2C005C883C /* Frameworks */,
				17EA3B5021B41C2C005C883C /* Resources */,
			);
			buildRules = (
			);
			dependencies = (
				17EA3B5421B41C2C005C883C /* PBXTargetDependency */,
			);
			name = FruitMailUITests;
			productName = FruitMailUITests;
			productReference = 17EA3B5221B41C2C005C883C /* FruitMailUITests.xctest */;
			productType = "com.apple.product-type.bundle.ui-testing";
		};
/* End PBXNativeTarget section */

/* Begin PBXProject section */
		17EA3B2921B41C2B005C883C /* Project object */ = {
			isa = PBXProject;
			attributes = {
				LastSwiftUpdateCheck = 1010;
				LastUpgradeCheck = 1010;
				ORGANIZATIONNAME = "Florian Hermouet-Joscht";
				TargetAttributes = {
					17EA3B3021B41C2B005C883C = {
						CreatedOnToolsVersion = 10.1;
					};
					17EA3B4621B41C2C005C883C = {
						CreatedOnToolsVersion = 10.1;
						TestTargetID = 17EA3B3021B41C2B005C883C;
					};
					17EA3B5121B41C2C005C883C = {
						CreatedOnToolsVersion = 10.1;
						TestTargetID = 17EA3B3021B41C2B005C883C;
					};
				};
			};
			buildConfigurationList = 17EA3B2C21B41C2B005C883C /* Build configuration list for PBXProject "FruitMail" */;
			compatibilityVersion = "Xcode 9.3";
			developmentRegion = en;
			hasScannedForEncodings = 0;
			knownRegions = (
				en,
				Base,
			);
			mainGroup = 17EA3B2821B41C2B005C883C;
			productRefGroup = 17EA3B3221B41C2B005C883C /* Products */;
			projectDirPath = "";
			projectRoot = "";
			targets = (
				17EA3B3021B41C2B005C883C /* FruitMail */,
				17EA3B4621B41C2C005C883C /* FruitMailTests */,
				17EA3B5121B41C2C005C883C /* FruitMailUITests */,
			);
		};
/* End PBXProject section */

/* Begin PBXResourcesBuildPhase section */
		17EA3B2F21B41C2B005C883C /* Resources */ = {
			isa = PBXResourcesBuildPhase;
			buildActionMask = 2147483647;
			files = (
				17EA3B4121B41C2C005C883C /* LaunchScreen.storyboard in Resources */,
				17EA3B3E21B41C2C005C883C /* Assets.xcassets in Resources */,
				17EA3B3C21B41C2B005C883C /* Main.storyboard in Resources */,
			);
			runOnlyForDeploymentPostprocessing = 0;
		};
		17EA3B4521B41C2C005C883C /* Resources */ = {
			isa = PBXResourcesBuildPhase;
			buildActionMask = 2147483647;
			files = (
			);
			runOnlyForDeploymentPostprocessing = 0;
		};
		17EA3B5021B41C2C005C883C /* Resources */ = {
			isa = PBXResourcesBuildPhase;
			buildActionMask = 2147483647;
			files = (
			);
			runOnlyForDeploymentPostprocessing = 0;
		};
/* End PBXResourcesBuildPhase section */

/* Begin PBXSourcesBuildPhase section */
		17EA3B2D21B41C2B005C883C /* Sources */ = {
			isa = PBXSourcesBuildPhase;
			buildActionMask = 2147483647;
			files = (
				17EA3B3921B41C2B005C883C /* DetailViewController.swift in Sources */,
				17EA3B3721B41C2B005C883C /* MasterViewController.swift in Sources */,
				17EA3B3521B41C2B005C883C /* AppDelegate.swift in Sources */,
			);
			runOnlyForDeploymentPostprocessing = 0;
		};
		17EA3B4321B41C2C005C883C /* Sources */ = {
			isa = PBXSourcesBuildPhase;
			buildActionMask = 2147483647;
			files = (
				17EA3B4C21B41C2C005C883C /* FruitMailTests.swift in Sources */,
			);
			runOnlyForDeploymentPostprocessing = 0;
		};
		17EA3B4E21B41C2C005C883C /* Sources */ = {
			isa = PBXSourcesBuildPhase;
			buildActionMask = 2147483647;
			files = (
				17EA3B5721B41C2C005C883C /* FruitMailUITests.swift in Sources */,
			);
			runOnlyForDeploymentPostprocessing = 0;
		};
/* End PBXSourcesBuildPhase section */

/* Begin PBXTargetDependency section */
		17EA3B4921B41C2C005C883C /* PBXTargetDependency */ = {
			isa = PBXTargetDependency;
			target = 17EA3B3021B41C2B005C883C /* FruitMail */;
			targetProxy = 17EA3B4821B41C2C005C883C /* PBXContainerItemProxy */;
		};
		17EA3B5421B41C2C005C883C /* PBXTargetDependency */ = {
			isa = PBXTargetDependency;
			target = 17EA3B3021B41C2B005C883C /* FruitMail */;
			targetProxy = 17EA3B5321B41C2C005C883C /* PBXContainerItemProxy */;
		};
/* End PBXTargetDependency section */

/* Begin PBXVariantGroup section */
		17EA3B3A21B41C2B005C883C /* Main.storyboard */ = {
			isa = PBXVariantGroup;
			children = (
				17EA3B3B21B41C2B005C883C /* Base */,
			);
			name = Main.storyboard;
			sourceTree = "<group>";
		};
		17EA3B3F21B41C2C005C883C /* LaunchScreen.storyboard */ = {
			isa = PBXVariantGroup;
			children = (
				17EA3B4021B41C2C005C883C /* Base */,
			);
			name = LaunchScreen.storyboard;
			sourceTree = "<group>";
		};
/* End PBXVariantGroup section */

/* Begin XCBuildConfiguration section */
		17EA3B5921B41C2C005C883C /* Debug */ = {
			isa = XCBuildConfiguration;
			buildSettings = {
				ALWAYS_SEARCH_USER_PATHS = NO;
				CLANG_ANALYZER_NONNULL = YES;
				CLANG_ANALYZER_NUMBER_OBJECT_CONVERSION = YES_AGGRESSIVE;
				CLANG_CXX_LANGUAGE_STANDARD = "gnu++14";
				CLANG_CXX_LIBRARY = "libc++";
				CLANG_ENABLE_MODULES = YES;
				CLANG_ENABLE_OBJC_ARC = YES;
				CLANG_ENABLE_OBJC_WEAK = YES;
				CLANG_WARN_BLOCK_CAPTURE_AUTORELEASING = YES;
				CLANG_WARN_BOOL_CONVERSION = YES;
				CLANG_WARN_COMMA = YES;
				CLANG_WARN_CONSTANT_CONVERSION = YES;
				CLANG_WARN_DEPRECATED_OBJC_IMPLEMENTATIONS = YES;
				CLANG_WARN_DIRECT_OBJC_ISA_USAGE = YES_ERROR;
				CLANG_WARN_DOCUMENTATION_COMMENTS = YES;
				CLANG_WARN_EMPTY_BODY = YES;
				CLANG_WARN_ENUM_CONVERSION = YES;
				CLANG_WARN_INFINITE_RECURSION = YES;
				CLANG_WARN_INT_CONVERSION = YES;
				CLANG_WARN_NON_LITERAL_NULL_CONVERSION = YES;
				CLANG_WARN_OBJC_IMPLICIT_RETAIN_SELF = YES;
				CLANG_WARN_OBJC_LITERAL_CONVERSION = YES;
				CLANG_WARN_OBJC_ROOT_CLASS = YES_ERROR;
				CLANG_WARN_RANGE_LOOP_ANALYSIS = YES;
				CLANG_WARN_STRICT_PROTOTYPES = YES;
				CLANG_WARN_SUSPICIOUS_MOVE = YES;
				CLANG_WARN_UNGUARDED_AVAILABILITY = YES_AGGRESSIVE;
				CLANG_WARN_UNREACHABLE_CODE = YES;
				CLANG_WARN__DUPLICATE_METHOD_MATCH = YES;
				CODE_SIGN_IDENTITY = "iPhone Developer";
				COPY_PHASE_STRIP = NO;
				DEBUG_INFORMATION_FORMAT = dwarf;
				ENABLE_STRICT_OBJC_MSGSEND = YES;
				ENABLE_TESTABILITY = YES;
				GCC_C_LANGUAGE_STANDARD = gnu11;
				GCC_DYNAMIC_NO_PIC = NO;
				GCC_NO_COMMON_BLOCKS = YES;
				GCC_OPTIMIZATION_LEVEL = 0;
				GCC_PREPROCESSOR_DEFINITIONS = (
					"DEBUG=1",
					"$(inherited)",
				);
				GCC_WARN_64_TO_32_BIT_CONVERSION = YES;
				GCC_WARN_ABOUT_RETURN_TYPE = YES_ERROR;
				GCC_WARN_UNDECLARED_SELECTOR = YES;
				GCC_WARN_UNINITIALIZED_AUTOS = YES_AGGRESSIVE;
				GCC_WARN_UNUSED_FUNCTION = YES;
				GCC_WARN_UNUSED_VARIABLE = YES;
				IPHONEOS_DEPLOYMENT_TARGET = 12.1;
				MTL_ENABLE_DEBUG_INFO = INCLUDE_SOURCE;
				MTL_FAST_MATH = YES;
				ONLY_ACTIVE_ARCH = YES;
				SDKROOT = iphoneos;
				SWIFT_ACTIVE_COMPILATION_CONDITIONS = DEBUG;
				SWIFT_OPTIMIZATION_LEVEL = "-Onone";
			};
			name = Debug;
		};
		17EA3B5A21B41C2C005C883C /* Release */ = {
			isa = XCBuildConfiguration;
			buildSettings = {
				ALWAYS_SEARCH_USER_PATHS = NO;
				CLANG_ANALYZER_NONNULL = YES;
				CLANG_ANALYZER_NUMBER_OBJECT_CONVERSION = YES_AGGRESSIVE;
				CLANG_CXX_LANGUAGE_STANDARD = "gnu++14";
				CLANG_CXX_LIBRARY = "libc++";
				CLANG_ENABLE_MODULES = YES;
				CLANG_ENABLE_OBJC_ARC = YES;
				CLANG_ENABLE_OBJC_WEAK = YES;
				CLANG_WARN_BLOCK_CAPTURE_AUTORELEASING = YES;
				CLANG_WARN_BOOL_CONVERSION = YES;
				CLANG_WARN_COMMA = YES;
				CLANG_WARN_CONSTANT_CONVERSION = YES;
				CLANG_WARN_DEPRECATED_OBJC_IMPLEMENTATIONS = YES;
				CLANG_WARN_DIRECT_OBJC_ISA_USAGE = YES_ERROR;
				CLANG_WARN_DOCUMENTATION_COMMENTS = YES;
				CLANG_WARN_EMPTY_BODY = YES;
				CLANG_WARN_ENUM_CONVERSION = YES;
				CLANG_WARN_INFINITE_RECURSION = YES;
				CLANG_WARN_INT_CONVERSION = YES;
				CLANG_WARN_NON_LITERAL_NULL_CONVERSION = YES;
				CLANG_WARN_OBJC_IMPLICIT_RETAIN_SELF = YES;
				CLANG_WARN_OBJC_LITERAL_CONVERSION = YES;
				CLANG_WARN_OBJC_ROOT_CLASS = YES_ERROR;
				CLANG_WARN_RANGE_LOOP_ANALYSIS = YES;
				CLANG_WARN_STRICT_PROTOTYPES = YES;
				CLANG_WARN_SUSPICIOUS_MOVE = YES;
				CLANG_WARN_UNGUARDED_AVAILABILITY = YES_AGGRESSIVE;
				CLANG_WARN_UNREACHABLE_CODE = YES;
				CLANG_WARN__DUPLICATE_METHOD_MATCH = YES;
				CODE_SIGN_IDENTITY = "iPhone Developer";
				COPY_PHASE_STRIP = NO;
				DEBUG_INFORMATION_FORMAT = "dwarf-with-dsym";
				ENABLE_NS_ASSERTIONS = NO;
				ENABLE_STRICT_OBJC_MSGSEND = YES;
				GCC_C_LANGUAGE_STANDARD = gnu11;
				GCC_NO_COMMON_BLOCKS = YES;
				GCC_WARN_64_TO_32_BIT_CONVERSION = YES;
				GCC_WARN_ABOUT_RETURN_TYPE = YES_ERROR;
				GCC_WARN_UNDECLARED_SELECTOR = YES;
				GCC_WARN_UNINITIALIZED_AUTOS = YES_AGGRESSIVE;
				GCC_WARN_UNUSED_FUNCTION = YES;
				GCC_WARN_UNUSED_VARIABLE = YES;
				IPHONEOS_DEPLOYMENT_TARGET = 12.1;
				MTL_ENABLE_DEBUG_INFO = NO;
				MTL_FAST_MATH = YES;
				SDKROOT = iphoneos;
				SWIFT_COMPILATION_MODE = wholemodule;
				SWIFT_OPTIMIZATION_LEVEL = "-O";
				VALIDATE_PRODUCT = YES;
			};
			name = Release;
		};
		17EA3B5C21B41C2C005C883C /* Debug */ = {
			isa = XCBuildConfiguration;
			buildSettings = {
				ASSETCATALOG_COMPILER_APPICON_NAME = AppIcon;
				CODE_SIGN_STYLE = Automatic;
				DEVELOPMENT_TEAM = 65L6GT5835;
				INFOPLIST_FILE = FruitMail/Info.plist;
				LD_RUNPATH_SEARCH_PATHS = (
					"$(inherited)",
					"@executable_path/Frameworks",
				);
				PRODUCT_BUNDLE_IDENTIFIER = fr.fruitice.FruitMail;
				PRODUCT_NAME = "$(TARGET_NAME)";
				SWIFT_VERSION = 4.2;
				TARGETED_DEVICE_FAMILY = "1,2";
			};
			name = Debug;
		};
		17EA3B5D21B41C2C005C883C /* Release */ = {
			isa = XCBuildConfiguration;
			buildSettings = {
				ASSETCATALOG_COMPILER_APPICON_NAME = AppIcon;
				CODE_SIGN_STYLE = Automatic;
				DEVELOPMENT_TEAM = 65L6GT5835;
				INFOPLIST_FILE = FruitMail/Info.plist;
				LD_RUNPATH_SEARCH_PATHS = (
					"$(inherited)",
					"@executable_path/Frameworks",
				);
				PRODUCT_BUNDLE_IDENTIFIER = fr.fruitice.FruitMail;
				PRODUCT_NAME = "$(TARGET_NAME)";
				SWIFT_VERSION = 4.2;
				TARGETED_DEVICE_FAMILY = "1,2";
			};
			name = Release;
		};
		17EA3B5F21B41C2C005C883C /* Debug */ = {
			isa = XCBuildConfiguration;
			buildSettings = {
				ALWAYS_EMBED_SWIFT_STANDARD_LIBRARIES = YES;
				BUNDLE_LOADER = "$(TEST_HOST)";
				CODE_SIGN_STYLE = Automatic;
				DEVELOPMENT_TEAM = 65L6GT5835;
				INFOPLIST_FILE = FruitMailTests/Info.plist;
				LD_RUNPATH_SEARCH_PATHS = (
					"$(inherited)",
					"@executable_path/Frameworks",
					"@loader_path/Frameworks",
				);
				PRODUCT_BUNDLE_IDENTIFIER = fr.fruitice.FruitMailTests;
				PRODUCT_NAME = "$(TARGET_NAME)";
				SWIFT_VERSION = 4.2;
				TARGETED_DEVICE_FAMILY = "1,2";
				TEST_HOST = "$(BUILT_PRODUCTS_DIR)/FruitMail.app/FruitMail";
			};
			name = Debug;
		};
		17EA3B6021B41C2C005C883C /* Release */ = {
			isa = XCBuildConfiguration;
			buildSettings = {
				ALWAYS_EMBED_SWIFT_STANDARD_LIBRARIES = YES;
				BUNDLE_LOADER = "$(TEST_HOST)";
				CODE_SIGN_STYLE = Automatic;
				DEVELOPMENT_TEAM = 65L6GT5835;
				INFOPLIST_FILE = FruitMailTests/Info.plist;
				LD_RUNPATH_SEARCH_PATHS = (
					"$(inherited)",
					"@executable_path/Frameworks",
					"@loader_path/Frameworks",
				);
				PRODUCT_BUNDLE_IDENTIFIER = fr.fruitice.FruitMailTests;
				PRODUCT_NAME = "$(TARGET_NAME)";
				SWIFT_VERSION = 4.2;
				TARGETED_DEVICE_FAMILY = "1,2";
				TEST_HOST = "$(BUILT_PRODUCTS_DIR)/FruitMail.app/FruitMail";
			};
			name = Release;
		};
		17EA3B6221B41C2C005C883C /* Debug */ = {
			isa = XCBuildConfiguration;
			buildSettings = {
				ALWAYS_EMBED_SWIFT_STANDARD_LIBRARIES = YES;
				CODE_SIGN_STYLE = Automatic;
				DEVELOPMENT_TEAM = 65L6GT5835;
				INFOPLIST_FILE = FruitMailUITests/Info.plist;
				LD_RUNPATH_SEARCH_PATHS = (
					"$(inherited)",
					"@executable_path/Frameworks",
					"@loader_path/Frameworks",
				);
				PRODUCT_BUNDLE_IDENTIFIER = fr.fruitice.FruitMailUITests;
				PRODUCT_NAME = "$(TARGET_NAME)";
				SWIFT_VERSION = 4.2;
				TARGETED_DEVICE_FAMILY = "1,2";
				TEST_TARGET_NAME = FruitMail;
			};
			name = Debug;
		};
		17EA3B6321B41C2C005C883C /* Release */ = {
			isa = XCBuildConfiguration;
			buildSettings = {
				ALWAYS_EMBED_SWIFT_STANDARD_LIBRARIES = YES;
				CODE_SIGN_STYLE = Automatic;
				DEVELOPMENT_TEAM = 65L6GT5835;
				INFOPLIST_FILE = FruitMailUITests/Info.plist;
				LD_RUNPATH_SEARCH_PATHS = (
					"$(inherited)",
					"@executable_path/Frameworks",
					"@loader_path/Frameworks",
				);
				PRODUCT_BUNDLE_IDENTIFIER = fr.fruitice.FruitMailUITests;
				PRODUCT_NAME = "$(TARGET_NAME)";
				SWIFT_VERSION = 4.2;
				TARGETED_DEVICE_FAMILY = "1,2";
				TEST_TARGET_NAME = FruitMail;
			};
			name = Release;
		};
/* End XCBuildConfiguration section */

/* Begin XCConfigurationList section */
		17EA3B2C21B41C2B005C883C /* Build configuration list for PBXProject "FruitMail" */ = {
			isa = XCConfigurationList;
			buildConfigurations = (
				17EA3B5921B41C2C005C883C /* Debug */,
				17EA3B5A21B41C2C005C883C /* Release */,
			);
			defaultConfigurationIsVisible = 0;
			defaultConfigurationName = Release;
		};
		17EA3B5B21B41C2C005C883C /* Build configuration list for PBXNativeTarget "FruitMail" */ = {
			isa = XCConfigurationList;
			buildConfigurations = (
				17EA3B5C21B41C2C005C883C /* Debug */,
				17EA3B5D21B41C2C005C883C /* Release */,
			);
			defaultConfigurationIsVisible = 0;
			defaultConfigurationName = Release;
		};
		17EA3B5E21B41C2C005C883C /* Build configuration list for PBXNativeTarget "FruitMailTests" */ = {
			isa = XCConfigurationList;
			buildConfigurations = (
				17EA3B5F21B41C2C005C883C /* Debug */,
				17EA3B6021B41C2C005C883C /* Release */,
			);
			defaultConfigurationIsVisible = 0;
			defaultConfigurationName = Release;
		};
		17EA3B6121B41C2C005C883C /* Build configuration list for PBXNativeTarget "FruitMailUITests" */ = {
			isa = XCConfigurationList;
			buildConfigurations = (
				17EA3B6221B41C2C005C883C /* Debug */,
				17EA3B6321B41C2C005C883C /* Release */,
			);
			defaultConfigurationIsVisible = 0;
			defaultConfigurationName = Release;
		};
/* End XCConfigurationList section */
	};
	rootObject = 17EA3B2921B41C2B005C883C /* Project object */;
}
